
Microsoft Visual Studio Solution File, Format Version 12.00
# Visual Studio Version 17
VisualStudioVersion = 17.3.32819.101
MinimumVisualStudioVersion = 10.0.40219.1
Project("{FAE04EC0-301F-11D3-BF4B-00C04F79EFBC}") = "ProjectNr2_Radovskyi61986", "ProjectNr2_Radovskyi61986.csproj", "{0A964D81-53D4-4986-9EE8-6F6E2ECE77D0}"
EndProject
Global
	GlobalSection(SolutionConfigurationPlatforms) = preSolution
		Debug|Any CPU = Debug|Any CPU
		Release|Any CPU = Release|Any CPU
	EndGlobalSection
	GlobalSection(ProjectConfigurationPlatforms) = postSolution
		{0A964D81-53D4-4986-9EE8-6F6E2ECE77D0}.Debug|Any CPU.ActiveCfg = Debug|Any CPU
		{0A964D81-53D4-4986-9EE8-6F6E2ECE77D0}.Debug|Any CPU.Build.0 = Debug|Any CPU
		{0A964D81-53D4-4986-9EE8-6F6E2ECE77D0}.Release|Any CPU.ActiveCfg = Release|Any CPU
		{0A964D81-53D4-4986-9EE8-6F6E2ECE77D0}.Release|Any CPU.Build.0 = Release|Any CPU
	EndGlobalSection
	GlobalSection(SolutionProperties) = preSolution
		HideSolutionNode = FALSE
	EndGlobalSection
	GlobalSection(ExtensibilityGlobals) = postSolution
		SolutionGuid = {9464564C-77B8-4036-9A19-69281699F941}
	EndGlobalSection
EndGlobal
