
Microsoft Visual Studio Solution File, Format Version 12.00
# Visual Studio Version 17
VisualStudioVersion = 17.4.33213.308
MinimumVisualStudioVersion = 10.0.40219.1
Project("{FAE04EC0-301F-11D3-BF4B-00C04F79EFBC}") = "ProjectNr2_Radovskyi61986", "ProjectNr2_Radovskyi61986\ProjectNr2_Radovskyi61986.csproj", "{6575548F-6618-46EB-94CC-8CC00235AF6C}"
EndProject
Global
	GlobalSection(SolutionConfigurationPlatforms) = preSolution
		Debug|Any CPU = Debug|Any CPU
		Release|Any CPU = Release|Any CPU
	EndGlobalSection
	GlobalSection(ProjectConfigurationPlatforms) = postSolution
		{6575548F-6618-46EB-94CC-8CC00235AF6C}.Debug|Any CPU.ActiveCfg = Debug|Any CPU
		{6575548F-6618-46EB-94CC-8CC00235AF6C}.Debug|Any CPU.Build.0 = Debug|Any CPU
		{6575548F-6618-46EB-94CC-8CC00235AF6C}.Release|Any CPU.ActiveCfg = Release|Any CPU
		{6575548F-6618-46EB-94CC-8CC00235AF6C}.Release|Any CPU.Build.0 = Release|Any CPU
	EndGlobalSection
	GlobalSection(SolutionProperties) = preSolution
		HideSolutionNode = FALSE
	EndGlobalSection
	GlobalSection(ExtensibilityGlobals) = postSolution
		SolutionGuid = {E3BA16AE-4868-45D9-B766-C7CB2C141D7B}
	EndGlobalSection
EndGlobal
