
Microsoft Visual Studio Solution File, Format Version 12.00
# Visual Studio Version 17
VisualStudioVersion = 17.8.34309.116
MinimumVisualStudioVersion = 10.0.40219.1
Project("{FAE04EC0-301F-11D3-BF4B-00C04F79EFBC}") = "Rysownica", "Rysownica\Rysownica.csproj", "{036FD505-52ED-4CB1-AE40-F2C80CB0C01B}"
EndProject
Global
	GlobalSection(SolutionConfigurationPlatforms) = preSolution
		Debug|Any CPU = Debug|Any CPU
		Release|Any CPU = Release|Any CPU
	EndGlobalSection
	GlobalSection(ProjectConfigurationPlatforms) = postSolution
		{036FD505-52ED-4CB1-AE40-F2C80CB0C01B}.Debug|Any CPU.ActiveCfg = Debug|Any CPU
		{036FD505-52ED-4CB1-AE40-F2C80CB0C01B}.Debug|Any CPU.Build.0 = Debug|Any CPU
		{036FD505-52ED-4CB1-AE40-F2C80CB0C01B}.Release|Any CPU.ActiveCfg = Release|Any CPU
		{036FD505-52ED-4CB1-AE40-F2C80CB0C01B}.Release|Any CPU.Build.0 = Release|Any CPU
	EndGlobalSection
	GlobalSection(SolutionProperties) = preSolution
		HideSolutionNode = FALSE
	EndGlobalSection
	GlobalSection(ExtensibilityGlobals) = postSolution
		SolutionGuid = {9AEDBAB8-A289-4636-A054-B9C704232301}
	EndGlobalSection
EndGlobal
