
Microsoft Visual Studio Solution File, Format Version 12.00
# Visual Studio Version 17
VisualStudioVersion = 17.3.32819.101
MinimumVisualStudioVersion = 10.0.40219.1
Project("{FAE04EC0-301F-11D3-BF4B-00C04F79EFBC}") = "Project2_####", "Project2_####.csproj", "{A230F35F-3F24-474C-9312-93DE918BFE0D}"
EndProject
Global
	GlobalSection(SolutionConfigurationPlatforms) = preSolution
		Debug|Any CPU = Debug|Any CPU
		Release|Any CPU = Release|Any CPU
	EndGlobalSection
	GlobalSection(ProjectConfigurationPlatforms) = postSolution
		{A230F35F-3F24-474C-9312-93DE918BFE0D}.Debug|Any CPU.ActiveCfg = Debug|Any CPU
		{A230F35F-3F24-474C-9312-93DE918BFE0D}.Debug|Any CPU.Build.0 = Debug|Any CPU
		{A230F35F-3F24-474C-9312-93DE918BFE0D}.Release|Any CPU.ActiveCfg = Release|Any CPU
		{A230F35F-3F24-474C-9312-93DE918BFE0D}.Release|Any CPU.Build.0 = Release|Any CPU
	EndGlobalSection
	GlobalSection(SolutionProperties) = preSolution
		HideSolutionNode = FALSE
	EndGlobalSection
	GlobalSection(ExtensibilityGlobals) = postSolution
		SolutionGuid = {6BB055DC-867B-4EE6-A2C3-A1328D0E1217}
	EndGlobalSection
EndGlobal
