
Microsoft Visual Studio Solution File, Format Version 12.00
# Visual Studio Version 16
VisualStudioVersion = 25.0.1706.9
MinimumVisualStudioVersion = 10.0.40219.1
Project("{FAE04EC0-301F-11D3-BF4B-00C04F79EFBC}") = "BuilderPattern", "BuilderPattern\BuilderPattern.csproj", "{8A8E2B7F-B893-45A0-B41F-048085088711}"
EndProject
Global
	GlobalSection(SolutionConfigurationPlatforms) = preSolution
		Debug|Any CPU = Debug|Any CPU
		Release|Any CPU = Release|Any CPU
	EndGlobalSection
	GlobalSection(ProjectConfigurationPlatforms) = postSolution
		{8A8E2B7F-B893-45A0-B41F-048085088711}.Debug|Any CPU.ActiveCfg = Debug|Any CPU
		{8A8E2B7F-B893-45A0-B41F-048085088711}.Debug|Any CPU.Build.0 = Debug|Any CPU
		{8A8E2B7F-B893-45A0-B41F-048085088711}.Release|Any CPU.ActiveCfg = Release|Any CPU
		{8A8E2B7F-B893-45A0-B41F-048085088711}.Release|Any CPU.Build.0 = Release|Any CPU
	EndGlobalSection
	GlobalSection(SolutionProperties) = preSolution
		HideSolutionNode = FALSE
	EndGlobalSection
	GlobalSection(ExtensibilityGlobals) = postSolution
		SolutionGuid = {89FB3556-4BD0-44F2-B836-D04489041E02}
	EndGlobalSection
EndGlobal
