
Microsoft Visual Studio Solution File, Format Version 12.00
# Visual Studio Version 16
VisualStudioVersion = 25.0.1706.9
MinimumVisualStudioVersion = 10.0.40219.1
Project("{FAE04EC0-301F-11D3-BF4B-00C04F79EFBC}") = "algorymParnych", "algorymParnych\algorymParnych.csproj", "{1E25A149-2169-4ACD-AE5D-98F55D8A58D2}"
EndProject
Global
	GlobalSection(SolutionConfigurationPlatforms) = preSolution
		Debug|Any CPU = Debug|Any CPU
		Release|Any CPU = Release|Any CPU
	EndGlobalSection
	GlobalSection(ProjectConfigurationPlatforms) = postSolution
		{1E25A149-2169-4ACD-AE5D-98F55D8A58D2}.Debug|Any CPU.ActiveCfg = Debug|Any CPU
		{1E25A149-2169-4ACD-AE5D-98F55D8A58D2}.Debug|Any CPU.Build.0 = Debug|Any CPU
		{1E25A149-2169-4ACD-AE5D-98F55D8A58D2}.Release|Any CPU.ActiveCfg = Release|Any CPU
		{1E25A149-2169-4ACD-AE5D-98F55D8A58D2}.Release|Any CPU.Build.0 = Release|Any CPU
	EndGlobalSection
	GlobalSection(SolutionProperties) = preSolution
		HideSolutionNode = FALSE
	EndGlobalSection
	GlobalSection(ExtensibilityGlobals) = postSolution
		SolutionGuid = {167D78C6-09A3-45D1-87E9-9DDBE21FF947}
	EndGlobalSection
EndGlobal
